
Microsoft Visual Studio Solution File, Format Version 12.00
# Visual Studio Version 16
VisualStudioVersion = 16.0.31105.61
MinimumVisualStudioVersion = 10.0.40219.1
Project("{FAE04EC0-301F-11D3-BF4B-00C04F79EFBC}") = "AdapterPattern", "AdapterPattern\AdapterPattern.csproj", "{4E3873D2-1B67-426B-B57D-1069C73721A6}"
EndProject
Global
	GlobalSection(SolutionConfigurationPlatforms) = preSolution
		Debug|Any CPU = Debug|Any CPU
		Release|Any CPU = Release|Any CPU
	EndGlobalSection
	GlobalSection(ProjectConfigurationPlatforms) = postSolution
		{4E3873D2-1B67-426B-B57D-1069C73721A6}.Debug|Any CPU.ActiveCfg = Debug|Any CPU
		{4E3873D2-1B67-426B-B57D-1069C73721A6}.Debug|Any CPU.Build.0 = Debug|Any CPU
		{4E3873D2-1B67-426B-B57D-1069C73721A6}.Release|Any CPU.ActiveCfg = Release|Any CPU
		{4E3873D2-1B67-426B-B57D-1069C73721A6}.Release|Any CPU.Build.0 = Release|Any CPU
	EndGlobalSection
	GlobalSection(SolutionProperties) = preSolution
		HideSolutionNode = FALSE
	EndGlobalSection
	GlobalSection(ExtensibilityGlobals) = postSolution
		SolutionGuid = {897860D3-0B0C-437D-A0A1-F39961AE1279}
	EndGlobalSection
EndGlobal
